
Microsoft Visual Studio Solution File, Format Version 12.00
# Visual Studio Version 16
VisualStudioVersion = 16.0.31205.134
MinimumVisualStudioVersion = 10.0.40219.1
Project("{FAE04EC0-301F-11D3-BF4B-00C04F79EFBC}") = "EjemploSimpleAngular", "EjemploSimpleAngular\EjemploSimpleAngular.csproj", "{9BF295A0-5F94-42D3-93A8-36DBD4E86F43}"
EndProject
Global
	GlobalSection(SolutionConfigurationPlatforms) = preSolution
		Debug|Any CPU = Debug|Any CPU
		Release|Any CPU = Release|Any CPU
	EndGlobalSection
	GlobalSection(ProjectConfigurationPlatforms) = postSolution
		{9BF295A0-5F94-42D3-93A8-36DBD4E86F43}.Debug|Any CPU.ActiveCfg = Debug|Any CPU
		{9BF295A0-5F94-42D3-93A8-36DBD4E86F43}.Debug|Any CPU.Build.0 = Debug|Any CPU
		{9BF295A0-5F94-42D3-93A8-36DBD4E86F43}.Release|Any CPU.ActiveCfg = Release|Any CPU
		{9BF295A0-5F94-42D3-93A8-36DBD4E86F43}.Release|Any CPU.Build.0 = Release|Any CPU
	EndGlobalSection
	GlobalSection(SolutionProperties) = preSolution
		HideSolutionNode = FALSE
	EndGlobalSection
	GlobalSection(ExtensibilityGlobals) = postSolution
		SolutionGuid = {29414800-42FB-434C-A3B9-D3280B1B4B41}
	EndGlobalSection
EndGlobal
